
Microsoft Visual Studio Solution File, Format Version 12.00
# Visual Studio Version 17
VisualStudioVersion = 17.7.34031.279
MinimumVisualStudioVersion = 10.0.40219.1
Project("{FAE04EC0-301F-11D3-BF4B-00C04F79EFBC}") = "AprajitaRetails.Mobile", "AprajitaRetails.Mobile\AprajitaRetails.Mobile.csproj", "{D998BB04-2539-41B3-B678-C00A8139B57C}"
EndProject
Global
	GlobalSection(SolutionConfigurationPlatforms) = preSolution
		Debug|Any CPU = Debug|Any CPU
		Release|Any CPU = Release|Any CPU
	EndGlobalSection
	GlobalSection(ProjectConfigurationPlatforms) = postSolution
		{D998BB04-2539-41B3-B678-C00A8139B57C}.Debug|Any CPU.ActiveCfg = Debug|Any CPU
		{D998BB04-2539-41B3-B678-C00A8139B57C}.Debug|Any CPU.Build.0 = Debug|Any CPU
		{D998BB04-2539-41B3-B678-C00A8139B57C}.Debug|Any CPU.Deploy.0 = Debug|Any CPU
		{D998BB04-2539-41B3-B678-C00A8139B57C}.Release|Any CPU.ActiveCfg = Release|Any CPU
		{D998BB04-2539-41B3-B678-C00A8139B57C}.Release|Any CPU.Build.0 = Release|Any CPU
		{D998BB04-2539-41B3-B678-C00A8139B57C}.Release|Any CPU.Deploy.0 = Release|Any CPU
	EndGlobalSection
	GlobalSection(SolutionProperties) = preSolution
		HideSolutionNode = FALSE
	EndGlobalSection
	GlobalSection(ExtensibilityGlobals) = postSolution
		SolutionGuid = {F4FF9ED2-B8E5-4135-8FB2-CF5C8C2DD6F1}
	EndGlobalSection
EndGlobal
